
Microsoft Visual Studio Solution File, Format Version 10.00
# Visual Studio 2008
Project("{FAE04EC0-301F-11D3-BF4B-00C04F79EFBC}") = "Common", "Common\Common.csproj", "{D7F59C16-10DD-483B-BB3E-0BA3AFE02405}"
EndProject
Project("{FAE04EC0-301F-11D3-BF4B-00C04F79EFBC}") = "Server", "Server\Server.csproj", "{E1A1970C-0E73-4837-856C-FA2E2824798E}"
EndProject
Project("{FAE04EC0-301F-11D3-BF4B-00C04F79EFBC}") = "Client.WinForms", "WinFormsClient\Client.WinForms.csproj", "{3671FBE7-113E-4FB2-B5D7-4D82F36B189C}"
EndProject
Project("{2150E333-8FDC-42A3-9474-1A3956D46DE8}") = "Common", "Common", "{0A14BDF1-089D-4953-9871-0C7707CCADC3}"
EndProject
Project("{2150E333-8FDC-42A3-9474-1A3956D46DE8}") = "Server", "Server", "{3A815E7B-AA7A-4A1F-997F-37054AD44223}"
EndProject
Project("{2150E333-8FDC-42A3-9474-1A3956D46DE8}") = "Client", "Client", "{3A08685B-6C33-4BEE-8B4C-C4E161B5E409}"
EndProject
Project("{FAE04EC0-301F-11D3-BF4B-00C04F79EFBC}") = "ServiceContracts", "ServiceContracts\ServiceContracts.csproj", "{8D4E35FA-6225-4F0A-A8F7-D1B5CE05498F}"
EndProject
Project("{FAE04EC0-301F-11D3-BF4B-00C04F79EFBC}") = "Client.Core", "Client.Core\Client.Core.csproj", "{014E570E-F961-4E68-B98C-3831278AA3EF}"
EndProject
Global
	GlobalSection(SolutionConfigurationPlatforms) = preSolution
		Debug|Any CPU = Debug|Any CPU
		Release|Any CPU = Release|Any CPU
	EndGlobalSection
	GlobalSection(ProjectConfigurationPlatforms) = postSolution
		{D7F59C16-10DD-483B-BB3E-0BA3AFE02405}.Debug|Any CPU.ActiveCfg = Debug|Any CPU
		{D7F59C16-10DD-483B-BB3E-0BA3AFE02405}.Debug|Any CPU.Build.0 = Debug|Any CPU
		{D7F59C16-10DD-483B-BB3E-0BA3AFE02405}.Release|Any CPU.ActiveCfg = Release|Any CPU
		{D7F59C16-10DD-483B-BB3E-0BA3AFE02405}.Release|Any CPU.Build.0 = Release|Any CPU
		{E1A1970C-0E73-4837-856C-FA2E2824798E}.Debug|Any CPU.ActiveCfg = Debug|Any CPU
		{E1A1970C-0E73-4837-856C-FA2E2824798E}.Debug|Any CPU.Build.0 = Debug|Any CPU
		{E1A1970C-0E73-4837-856C-FA2E2824798E}.Release|Any CPU.ActiveCfg = Release|Any CPU
		{E1A1970C-0E73-4837-856C-FA2E2824798E}.Release|Any CPU.Build.0 = Release|Any CPU
		{3671FBE7-113E-4FB2-B5D7-4D82F36B189C}.Debug|Any CPU.ActiveCfg = Debug|Any CPU
		{3671FBE7-113E-4FB2-B5D7-4D82F36B189C}.Debug|Any CPU.Build.0 = Debug|Any CPU
		{3671FBE7-113E-4FB2-B5D7-4D82F36B189C}.Release|Any CPU.ActiveCfg = Release|Any CPU
		{3671FBE7-113E-4FB2-B5D7-4D82F36B189C}.Release|Any CPU.Build.0 = Release|Any CPU
		{8D4E35FA-6225-4F0A-A8F7-D1B5CE05498F}.Debug|Any CPU.ActiveCfg = Debug|Any CPU
		{8D4E35FA-6225-4F0A-A8F7-D1B5CE05498F}.Debug|Any CPU.Build.0 = Debug|Any CPU
		{8D4E35FA-6225-4F0A-A8F7-D1B5CE05498F}.Release|Any CPU.ActiveCfg = Release|Any CPU
		{8D4E35FA-6225-4F0A-A8F7-D1B5CE05498F}.Release|Any CPU.Build.0 = Release|Any CPU
		{014E570E-F961-4E68-B98C-3831278AA3EF}.Debug|Any CPU.ActiveCfg = Debug|Any CPU
		{014E570E-F961-4E68-B98C-3831278AA3EF}.Debug|Any CPU.Build.0 = Debug|Any CPU
		{014E570E-F961-4E68-B98C-3831278AA3EF}.Release|Any CPU.ActiveCfg = Release|Any CPU
		{014E570E-F961-4E68-B98C-3831278AA3EF}.Release|Any CPU.Build.0 = Release|Any CPU
	EndGlobalSection
	GlobalSection(SolutionProperties) = preSolution
		HideSolutionNode = FALSE
	EndGlobalSection
	GlobalSection(NestedProjects) = preSolution
		{D7F59C16-10DD-483B-BB3E-0BA3AFE02405} = {0A14BDF1-089D-4953-9871-0C7707CCADC3}
		{8D4E35FA-6225-4F0A-A8F7-D1B5CE05498F} = {0A14BDF1-089D-4953-9871-0C7707CCADC3}
		{E1A1970C-0E73-4837-856C-FA2E2824798E} = {3A815E7B-AA7A-4A1F-997F-37054AD44223}
		{3671FBE7-113E-4FB2-B5D7-4D82F36B189C} = {3A08685B-6C33-4BEE-8B4C-C4E161B5E409}
		{014E570E-F961-4E68-B98C-3831278AA3EF} = {3A08685B-6C33-4BEE-8B4C-C4E161B5E409}
	EndGlobalSection
EndGlobal
